
Microsoft Visual Studio Solution File, Format Version 12.00
# Visual Studio Version 17
VisualStudioVersion = 17.6.33815.320
MinimumVisualStudioVersion = 10.0.40219.1
Project("{FAE04EC0-301F-11D3-BF4B-00C04F79EFBC}") = "HeritageExo3", "HeritageExo3\HeritageExo3.csproj", "{95CD8B63-F33E-47C8-8773-DCA78AB29328}"
EndProject
Global
	GlobalSection(SolutionConfigurationPlatforms) = preSolution
		Debug|Any CPU = Debug|Any CPU
		Release|Any CPU = Release|Any CPU
	EndGlobalSection
	GlobalSection(ProjectConfigurationPlatforms) = postSolution
		{95CD8B63-F33E-47C8-8773-DCA78AB29328}.Debug|Any CPU.ActiveCfg = Debug|Any CPU
		{95CD8B63-F33E-47C8-8773-DCA78AB29328}.Debug|Any CPU.Build.0 = Debug|Any CPU
		{95CD8B63-F33E-47C8-8773-DCA78AB29328}.Release|Any CPU.ActiveCfg = Release|Any CPU
		{95CD8B63-F33E-47C8-8773-DCA78AB29328}.Release|Any CPU.Build.0 = Release|Any CPU
	EndGlobalSection
	GlobalSection(SolutionProperties) = preSolution
		HideSolutionNode = FALSE
	EndGlobalSection
	GlobalSection(ExtensibilityGlobals) = postSolution
		SolutionGuid = {C4921223-0033-4765-8D30-1CDD118594B9}
	EndGlobalSection
EndGlobal
