
Microsoft Visual Studio Solution File, Format Version 12.00
# Visual Studio Version 17
VisualStudioVersion = 17.6.33815.320
MinimumVisualStudioVersion = 10.0.40219.1
Project("{FAE04EC0-301F-11D3-BF4B-00C04F79EFBC}") = "CE_UAA14WPF24RattrapagRijckaertTom", "CE_UAA14WPF24RattrapagRijckaertTom\CE_UAA14WPF24RattrapagRijckaertTom.csproj", "{2435A1E2-38B6-445A-8ADC-B9F99A58810C}"
EndProject
Global
	GlobalSection(SolutionConfigurationPlatforms) = preSolution
		Debug|Any CPU = Debug|Any CPU
		Release|Any CPU = Release|Any CPU
	EndGlobalSection
	GlobalSection(ProjectConfigurationPlatforms) = postSolution
		{2435A1E2-38B6-445A-8ADC-B9F99A58810C}.Debug|Any CPU.ActiveCfg = Debug|Any CPU
		{2435A1E2-38B6-445A-8ADC-B9F99A58810C}.Debug|Any CPU.Build.0 = Debug|Any CPU
		{2435A1E2-38B6-445A-8ADC-B9F99A58810C}.Release|Any CPU.ActiveCfg = Release|Any CPU
		{2435A1E2-38B6-445A-8ADC-B9F99A58810C}.Release|Any CPU.Build.0 = Release|Any CPU
	EndGlobalSection
	GlobalSection(SolutionProperties) = preSolution
		HideSolutionNode = FALSE
	EndGlobalSection
	GlobalSection(ExtensibilityGlobals) = postSolution
		SolutionGuid = {30194F6C-2D94-4190-A2FB-6EC9B19803E3}
	EndGlobalSection
EndGlobal
