
Microsoft Visual Studio Solution File, Format Version 12.00
# Visual Studio Version 17
VisualStudioVersion = 17.6.33815.320
MinimumVisualStudioVersion = 10.0.40219.1
Project("{FAE04EC0-301F-11D3-BF4B-00C04F79EFBC}") = "WpfACT4Exercice1", "WpfACT4Exercice1\WpfACT4Exercice1.csproj", "{C276B6E9-9020-43D3-887E-0BAC67F8C5F7}"
EndProject
Global
	GlobalSection(SolutionConfigurationPlatforms) = preSolution
		Debug|Any CPU = Debug|Any CPU
		Release|Any CPU = Release|Any CPU
	EndGlobalSection
	GlobalSection(ProjectConfigurationPlatforms) = postSolution
		{C276B6E9-9020-43D3-887E-0BAC67F8C5F7}.Debug|Any CPU.ActiveCfg = Debug|Any CPU
		{C276B6E9-9020-43D3-887E-0BAC67F8C5F7}.Debug|Any CPU.Build.0 = Debug|Any CPU
		{C276B6E9-9020-43D3-887E-0BAC67F8C5F7}.Release|Any CPU.ActiveCfg = Release|Any CPU
		{C276B6E9-9020-43D3-887E-0BAC67F8C5F7}.Release|Any CPU.Build.0 = Release|Any CPU
	EndGlobalSection
	GlobalSection(SolutionProperties) = preSolution
		HideSolutionNode = FALSE
	EndGlobalSection
	GlobalSection(ExtensibilityGlobals) = postSolution
		SolutionGuid = {8A2ABDB3-07FD-48A0-8D04-0E0D728421EE}
	EndGlobalSection
EndGlobal
