
Microsoft Visual Studio Solution File, Format Version 12.00
# Visual Studio Version 17
VisualStudioVersion = 17.6.33815.320
MinimumVisualStudioVersion = 10.0.40219.1
Project("{FAE04EC0-301F-11D3-BF4B-00C04F79EFBC}") = "ACT6Exo3", "ACT6Exo3\ACT6Exo3.csproj", "{8EDD8A7F-7FE1-41DA-8960-FC8FCD56D785}"
EndProject
Global
	GlobalSection(SolutionConfigurationPlatforms) = preSolution
		Debug|Any CPU = Debug|Any CPU
		Release|Any CPU = Release|Any CPU
	EndGlobalSection
	GlobalSection(ProjectConfigurationPlatforms) = postSolution
		{8EDD8A7F-7FE1-41DA-8960-FC8FCD56D785}.Debug|Any CPU.ActiveCfg = Debug|Any CPU
		{8EDD8A7F-7FE1-41DA-8960-FC8FCD56D785}.Debug|Any CPU.Build.0 = Debug|Any CPU
		{8EDD8A7F-7FE1-41DA-8960-FC8FCD56D785}.Release|Any CPU.ActiveCfg = Release|Any CPU
		{8EDD8A7F-7FE1-41DA-8960-FC8FCD56D785}.Release|Any CPU.Build.0 = Release|Any CPU
	EndGlobalSection
	GlobalSection(SolutionProperties) = preSolution
		HideSolutionNode = FALSE
	EndGlobalSection
	GlobalSection(ExtensibilityGlobals) = postSolution
		SolutionGuid = {34EFF885-E331-4098-A942-DBC78720EABF}
	EndGlobalSection
EndGlobal
