
Microsoft Visual Studio Solution File, Format Version 12.00
# Visual Studio Version 17
VisualStudioVersion = 17.6.33815.320
MinimumVisualStudioVersion = 10.0.40219.1
Project("{FAE04EC0-301F-11D3-BF4B-00C04F79EFBC}") = "ACT_2_POO_exercices_simples", "ACT_2_POO_exercices_simples\ACT_2_POO_exercices_simples.csproj", "{62A84898-14CE-4749-A73F-4B386F262647}"
EndProject
Global
	GlobalSection(SolutionConfigurationPlatforms) = preSolution
		Debug|Any CPU = Debug|Any CPU
		Release|Any CPU = Release|Any CPU
	EndGlobalSection
	GlobalSection(ProjectConfigurationPlatforms) = postSolution
		{62A84898-14CE-4749-A73F-4B386F262647}.Debug|Any CPU.ActiveCfg = Debug|Any CPU
		{62A84898-14CE-4749-A73F-4B386F262647}.Debug|Any CPU.Build.0 = Debug|Any CPU
		{62A84898-14CE-4749-A73F-4B386F262647}.Release|Any CPU.ActiveCfg = Release|Any CPU
		{62A84898-14CE-4749-A73F-4B386F262647}.Release|Any CPU.Build.0 = Release|Any CPU
	EndGlobalSection
	GlobalSection(SolutionProperties) = preSolution
		HideSolutionNode = FALSE
	EndGlobalSection
	GlobalSection(ExtensibilityGlobals) = postSolution
		SolutionGuid = {D317EE03-2930-468B-93C3-814CDE22F1ED}
	EndGlobalSection
EndGlobal
